
Microsoft Visual Studio Solution File, Format Version 12.00
# Visual Studio Version 17
VisualStudioVersion = 17.11.35222.181
MinimumVisualStudioVersion = 10.0.40219.1
Project("{FAE04EC0-301F-11D3-BF4B-00C04F79EFBC}") = "ConsoleAppBerek", "ConsoleAppBerek.csproj", "{9B4D527D-7DCB-4275-A2A5-17E880C76D24}"
EndProject
Global
	GlobalSection(SolutionConfigurationPlatforms) = preSolution
		Debug|Any CPU = Debug|Any CPU
		Release|Any CPU = Release|Any CPU
	EndGlobalSection
	GlobalSection(ProjectConfigurationPlatforms) = postSolution
		{9B4D527D-7DCB-4275-A2A5-17E880C76D24}.Debug|Any CPU.ActiveCfg = Debug|Any CPU
		{9B4D527D-7DCB-4275-A2A5-17E880C76D24}.Debug|Any CPU.Build.0 = Debug|Any CPU
		{9B4D527D-7DCB-4275-A2A5-17E880C76D24}.Release|Any CPU.ActiveCfg = Release|Any CPU
		{9B4D527D-7DCB-4275-A2A5-17E880C76D24}.Release|Any CPU.Build.0 = Release|Any CPU
	EndGlobalSection
	GlobalSection(SolutionProperties) = preSolution
		HideSolutionNode = FALSE
	EndGlobalSection
	GlobalSection(ExtensibilityGlobals) = postSolution
		SolutionGuid = {137F5BDB-A595-40ED-BC8A-B97822F72EA0}
	EndGlobalSection
EndGlobal
